// !$*UTF8*$!
{
	archiveVersion = 1;
	classes = {
	};
	objectVersion = 60;
	objects = {

/* Begin PBXBuildFile section */
		AD4B45352BDACBAB003F2076 /* llm_therapy_testApp.swift in Sources */ = {isa = PBXBuildFile; fileRef = AD4B45342BDACBAB003F2076 /* llm_therapy_testApp.swift */; };
		AD4B45372BDACBAB003F2076 /* ContentView.swift in Sources */ = {isa = PBXBuildFile; fileRef = AD4B45362BDACBAB003F2076 /* ContentView.swift */; };
		AD4B45392BDACBAE003F2076 /* Assets.xcassets in Resources */ = {isa = PBXBuildFile; fileRef = AD4B45382BDACBAE003F2076 /* Assets.xcassets */; };
		AD4B453C2BDACBAE003F2076 /* Preview Assets.xcassets in Resources */ = {isa = PBXBuildFile; fileRef = AD4B453B2BDACBAE003F2076 /* Preview Assets.xcassets */; };
		AD4B45442BDACFF0003F2076 /* LLM in Frameworks */ = {isa = PBXBuildFile; productRef = AD4B45432BDACFF0003F2076 /* LLM */; };
		AD4B45462BDACFF0003F2076 /* MNIST in Frameworks */ = {isa = PBXBuildFile; productRef = AD4B45452BDACFF0003F2076 /* MNIST */; };
		ADF3559E2BDAE7D400372851 /* DeviceStat.swift in Sources */ = {isa = PBXBuildFile; fileRef = ADF3559D2BDAE7D400372851 /* DeviceStat.swift */; };
		ADF355A22BDB338600372851 /* Transformers in Frameworks */ = {isa = PBXBuildFile; productRef = ADF355A12BDB338600372851 /* Transformers */; };
		ADF355A62BDB40B600372851 /* LLMTextBubble.swift in Sources */ = {isa = PBXBuildFile; fileRef = ADF355A52BDB40B600372851 /* LLMTextBubble.swift */; };
/* End PBXBuildFile section */

/* Begin PBXFileReference section */
		AD4B45312BDACBAB003F2076 /* llm-therapy-test.app */ = {isa = PBXFileReference; explicitFileType = wrapper.application; includeInIndex = 0; path = "llm-therapy-test.app"; sourceTree = BUILT_PRODUCTS_DIR; };
		AD4B45342BDACBAB003F2076 /* llm_therapy_testApp.swift */ = {isa = PBXFileReference; lastKnownFileType = sourcecode.swift; path = llm_therapy_testApp.swift; sourceTree = "<group>"; };
		AD4B45362BDACBAB003F2076 /* ContentView.swift */ = {isa = PBXFileReference; lastKnownFileType = sourcecode.swift; path = ContentView.swift; sourceTree = "<group>"; };
		AD4B45382BDACBAE003F2076 /* Assets.xcassets */ = {isa = PBXFileReference; lastKnownFileType = folder.assetcatalog; path = Assets.xcassets; sourceTree = "<group>"; };
		AD4B453B2BDACBAE003F2076 /* Preview Assets.xcassets */ = {isa = PBXFileReference; lastKnownFileType = folder.assetcatalog; path = "Preview Assets.xcassets"; sourceTree = "<group>"; };
		ADF3559D2BDAE7D400372851 /* DeviceStat.swift */ = {isa = PBXFileReference; lastKnownFileType = sourcecode.swift; path = DeviceStat.swift; sourceTree = "<group>"; };
		ADF3559F2BDAE91200372851 /* llm-therapy-test.entitlements */ = {isa = PBXFileReference; lastKnownFileType = text.plist.entitlements; path = "llm-therapy-test.entitlements"; sourceTree = "<group>"; };
		ADF355A52BDB40B600372851 /* LLMTextBubble.swift */ = {isa = PBXFileReference; lastKnownFileType = sourcecode.swift; path = LLMTextBubble.swift; sourceTree = "<group>"; };
/* End PBXFileReference section */

/* Begin PBXFrameworksBuildPhase section */
		AD4B452E2BDACBAB003F2076 /* Frameworks */ = {
			isa = PBXFrameworksBuildPhase;
			buildActionMask = 2147483647;
			files = (
				ADF355A22BDB338600372851 /* Transformers in Frameworks */,
				AD4B45462BDACFF0003F2076 /* MNIST in Frameworks */,
				AD4B45442BDACFF0003F2076 /* LLM in Frameworks */,
			);
			runOnlyForDeploymentPostprocessing = 0;
		};
/* End PBXFrameworksBuildPhase section */

/* Begin PBXGroup section */
		AD4B45282BDACBAB003F2076 = {
			isa = PBXGroup;
			children = (
				AD4B45332BDACBAB003F2076 /* llm-therapy-test */,
				AD4B45322BDACBAB003F2076 /* Products */,
			);
			sourceTree = "<group>";
		};
		AD4B45322BDACBAB003F2076 /* Products */ = {
			isa = PBXGroup;
			children = (
				AD4B45312BDACBAB003F2076 /* llm-therapy-test.app */,
			);
			name = Products;
			sourceTree = "<group>";
		};
		AD4B45332BDACBAB003F2076 /* llm-therapy-test */ = {
			isa = PBXGroup;
			children = (
				ADF355A42BDB40A600372851 /* Views */,
				ADF3559F2BDAE91200372851 /* llm-therapy-test.entitlements */,
				ADF3559C2BDAE7BF00372851 /* ViewModels */,
				AD4B45342BDACBAB003F2076 /* llm_therapy_testApp.swift */,
				AD4B45362BDACBAB003F2076 /* ContentView.swift */,
				AD4B45382BDACBAE003F2076 /* Assets.xcassets */,
				AD4B453A2BDACBAE003F2076 /* Preview Content */,
			);
			path = "llm-therapy-test";
			sourceTree = "<group>";
		};
		AD4B453A2BDACBAE003F2076 /* Preview Content */ = {
			isa = PBXGroup;
			children = (
				AD4B453B2BDACBAE003F2076 /* Preview Assets.xcassets */,
			);
			path = "Preview Content";
			sourceTree = "<group>";
		};
		ADF3559C2BDAE7BF00372851 /* ViewModels */ = {
			isa = PBXGroup;
			children = (
				ADF3559D2BDAE7D400372851 /* DeviceStat.swift */,
			);
			path = ViewModels;
			sourceTree = "<group>";
		};
		ADF355A42BDB40A600372851 /* Views */ = {
			isa = PBXGroup;
			children = (
				ADF355A52BDB40B600372851 /* LLMTextBubble.swift */,
			);
			path = Views;
			sourceTree = "<group>";
		};
/* End PBXGroup section */

/* Begin PBXNativeTarget section */
		AD4B45302BDACBAB003F2076 /* llm-therapy-test */ = {
			isa = PBXNativeTarget;
			buildConfigurationList = AD4B453F2BDACBAE003F2076 /* Build configuration list for PBXNativeTarget "llm-therapy-test" */;
			buildPhases = (
				AD4B452D2BDACBAB003F2076 /* Sources */,
				AD4B452E2BDACBAB003F2076 /* Frameworks */,
				AD4B452F2BDACBAB003F2076 /* Resources */,
			);
			buildRules = (
			);
			dependencies = (
			);
			name = "llm-therapy-test";
			packageProductDependencies = (
				AD4B45432BDACFF0003F2076 /* LLM */,
				AD4B45452BDACFF0003F2076 /* MNIST */,
				ADF355A12BDB338600372851 /* Transformers */,
			);
			productName = "llm-therapy-test";
			productReference = AD4B45312BDACBAB003F2076 /* llm-therapy-test.app */;
			productType = "com.apple.product-type.application";
		};
/* End PBXNativeTarget section */

/* Begin PBXProject section */
		AD4B45292BDACBAB003F2076 /* Project object */ = {
			isa = PBXProject;
			attributes = {
				BuildIndependentTargetsInParallel = 1;
				LastSwiftUpdateCheck = 1530;
				LastUpgradeCheck = 1530;
				TargetAttributes = {
					AD4B45302BDACBAB003F2076 = {
						CreatedOnToolsVersion = 15.3;
					};
				};
			};
			buildConfigurationList = AD4B452C2BDACBAB003F2076 /* Build configuration list for PBXProject "llm-therapy-test" */;
			compatibilityVersion = "Xcode 14.0";
			developmentRegion = en;
			hasScannedForEncodings = 0;
			knownRegions = (
				en,
				Base,
			);
			mainGroup = AD4B45282BDACBAB003F2076;
			packageReferences = (
				AD4B45422BDACFF0003F2076 /* XCRemoteSwiftPackageReference "mlx-swift-examples" */,
				ADF355A02BDB338600372851 /* XCLocalSwiftPackageReference "../../swift-ml-packages/swift-transformers" */,
			);
			productRefGroup = AD4B45322BDACBAB003F2076 /* Products */;
			projectDirPath = "";
			projectRoot = "";
			targets = (
				AD4B45302BDACBAB003F2076 /* llm-therapy-test */,
			);
		};
/* End PBXProject section */

/* Begin PBXResourcesBuildPhase section */
		AD4B452F2BDACBAB003F2076 /* Resources */ = {
			isa = PBXResourcesBuildPhase;
			buildActionMask = 2147483647;
			files = (
				AD4B453C2BDACBAE003F2076 /* Preview Assets.xcassets in Resources */,
				AD4B45392BDACBAE003F2076 /* Assets.xcassets in Resources */,
			);
			runOnlyForDeploymentPostprocessing = 0;
		};
/* End PBXResourcesBuildPhase section */

/* Begin PBXSourcesBuildPhase section */
		AD4B452D2BDACBAB003F2076 /* Sources */ = {
			isa = PBXSourcesBuildPhase;
			buildActionMask = 2147483647;
			files = (
				ADF355A62BDB40B600372851 /* LLMTextBubble.swift in Sources */,
				AD4B45372BDACBAB003F2076 /* ContentView.swift in Sources */,
				ADF3559E2BDAE7D400372851 /* DeviceStat.swift in Sources */,
				AD4B45352BDACBAB003F2076 /* llm_therapy_testApp.swift in Sources */,
			);
			runOnlyForDeploymentPostprocessing = 0;
		};
/* End PBXSourcesBuildPhase section */

/* Begin XCBuildConfiguration section */
		AD4B453D2BDACBAE003F2076 /* Debug */ = {
			isa = XCBuildConfiguration;
			buildSettings = {
				ALWAYS_SEARCH_USER_PATHS = NO;
				ASSETCATALOG_COMPILER_GENERATE_SWIFT_ASSET_SYMBOL_EXTENSIONS = YES;
				CLANG_ANALYZER_NONNULL = YES;
				CLANG_ANALYZER_NUMBER_OBJECT_CONVERSION = YES_AGGRESSIVE;
				CLANG_CXX_LANGUAGE_STANDARD = "gnu++20";
				CLANG_ENABLE_MODULES = YES;
				CLANG_ENABLE_OBJC_ARC = YES;
				CLANG_ENABLE_OBJC_WEAK = YES;
				CLANG_WARN_BLOCK_CAPTURE_AUTORELEASING = YES;
				CLANG_WARN_BOOL_CONVERSION = YES;
				CLANG_WARN_COMMA = YES;
				CLANG_WARN_CONSTANT_CONVERSION = YES;
				CLANG_WARN_DEPRECATED_OBJC_IMPLEMENTATIONS = YES;
				CLANG_WARN_DIRECT_OBJC_ISA_USAGE = YES_ERROR;
				CLANG_WARN_DOCUMENTATION_COMMENTS = YES;
				CLANG_WARN_EMPTY_BODY = YES;
				CLANG_WARN_ENUM_CONVERSION = YES;
				CLANG_WARN_INFINITE_RECURSION = YES;
				CLANG_WARN_INT_CONVERSION = YES;
				CLANG_WARN_NON_LITERAL_NULL_CONVERSION = YES;
				CLANG_WARN_OBJC_IMPLICIT_RETAIN_SELF = YES;
				CLANG_WARN_OBJC_LITERAL_CONVERSION = YES;
				CLANG_WARN_OBJC_ROOT_CLASS = YES_ERROR;
				CLANG_WARN_QUOTED_INCLUDE_IN_FRAMEWORK_HEADER = YES;
				CLANG_WARN_RANGE_LOOP_ANALYSIS = YES;
				CLANG_WARN_STRICT_PROTOTYPES = YES;
				CLANG_WARN_SUSPICIOUS_MOVE = YES;
				CLANG_WARN_UNGUARDED_AVAILABILITY = YES_AGGRESSIVE;
				CLANG_WARN_UNREACHABLE_CODE = YES;
				CLANG_WARN__DUPLICATE_METHOD_MATCH = YES;
				COPY_PHASE_STRIP = NO;
				DEBUG_INFORMATION_FORMAT = dwarf;
				ENABLE_STRICT_OBJC_MSGSEND = YES;
				ENABLE_TESTABILITY = YES;
				ENABLE_USER_SCRIPT_SANDBOXING = YES;
				GCC_C_LANGUAGE_STANDARD = gnu17;
				GCC_DYNAMIC_NO_PIC = NO;
				GCC_NO_COMMON_BLOCKS = YES;
				GCC_OPTIMIZATION_LEVEL = 0;
				GCC_PREPROCESSOR_DEFINITIONS = (
					"DEBUG=1",
					"$(inherited)",
				);
				GCC_WARN_64_TO_32_BIT_CONVERSION = YES;
				GCC_WARN_ABOUT_RETURN_TYPE = YES_ERROR;
				GCC_WARN_UNDECLARED_SELECTOR = YES;
				GCC_WARN_UNINITIALIZED_AUTOS = YES_AGGRESSIVE;
				GCC_WARN_UNUSED_FUNCTION = YES;
				GCC_WARN_UNUSED_VARIABLE = YES;
				IPHONEOS_DEPLOYMENT_TARGET = 17.4;
				LOCALIZATION_PREFERS_STRING_CATALOGS = YES;
				MTL_ENABLE_DEBUG_INFO = INCLUDE_SOURCE;
				MTL_FAST_MATH = YES;
				ONLY_ACTIVE_ARCH = YES;
				SDKROOT = iphoneos;
				SWIFT_ACTIVE_COMPILATION_CONDITIONS = "DEBUG $(inherited)";
				SWIFT_OPTIMIZATION_LEVEL = "-Onone";
			};
			name = Debug;
		};
		AD4B453E2BDACBAE003F2076 /* Release */ = {
			isa = XCBuildConfiguration;
			buildSettings = {
				ALWAYS_SEARCH_USER_PATHS = NO;
				ASSETCATALOG_COMPILER_GENERATE_SWIFT_ASSET_SYMBOL_EXTENSIONS = YES;
				CLANG_ANALYZER_NONNULL = YES;
				CLANG_ANALYZER_NUMBER_OBJECT_CONVERSION = YES_AGGRESSIVE;
				CLANG_CXX_LANGUAGE_STANDARD = "gnu++20";
				CLANG_ENABLE_MODULES = YES;
				CLANG_ENABLE_OBJC_ARC = YES;
				CLANG_ENABLE_OBJC_WEAK = YES;
				CLANG_WARN_BLOCK_CAPTURE_AUTORELEASING = YES;
				CLANG_WARN_BOOL_CONVERSION = YES;
				CLANG_WARN_COMMA = YES;
				CLANG_WARN_CONSTANT_CONVERSION = YES;
				CLANG_WARN_DEPRECATED_OBJC_IMPLEMENTATIONS = YES;
				CLANG_WARN_DIRECT_OBJC_ISA_USAGE = YES_ERROR;
				CLANG_WARN_DOCUMENTATION_COMMENTS = YES;
				CLANG_WARN_EMPTY_BODY = YES;
				CLANG_WARN_ENUM_CONVERSION = YES;
				CLANG_WARN_INFINITE_RECURSION = YES;
				CLANG_WARN_INT_CONVERSION = YES;
				CLANG_WARN_NON_LITERAL_NULL_CONVERSION = YES;
				CLANG_WARN_OBJC_IMPLICIT_RETAIN_SELF = YES;
				CLANG_WARN_OBJC_LITERAL_CONVERSION = YES;
				CLANG_WARN_OBJC_ROOT_CLASS = YES_ERROR;
				CLANG_WARN_QUOTED_INCLUDE_IN_FRAMEWORK_HEADER = YES;
				CLANG_WARN_RANGE_LOOP_ANALYSIS = YES;
				CLANG_WARN_STRICT_PROTOTYPES = YES;
				CLANG_WARN_SUSPICIOUS_MOVE = YES;
				CLANG_WARN_UNGUARDED_AVAILABILITY = YES_AGGRESSIVE;
				CLANG_WARN_UNREACHABLE_CODE = YES;
				CLANG_WARN__DUPLICATE_METHOD_MATCH = YES;
				COPY_PHASE_STRIP = NO;
				DEBUG_INFORMATION_FORMAT = "dwarf-with-dsym";
				ENABLE_NS_ASSERTIONS = NO;
				ENABLE_STRICT_OBJC_MSGSEND = YES;
				ENABLE_USER_SCRIPT_SANDBOXING = YES;
				GCC_C_LANGUAGE_STANDARD = gnu17;
				GCC_NO_COMMON_BLOCKS = YES;
				GCC_WARN_64_TO_32_BIT_CONVERSION = YES;
				GCC_WARN_ABOUT_RETURN_TYPE = YES_ERROR;
				GCC_WARN_UNDECLARED_SELECTOR = YES;
				GCC_WARN_UNINITIALIZED_AUTOS = YES_AGGRESSIVE;
				GCC_WARN_UNUSED_FUNCTION = YES;
				GCC_WARN_UNUSED_VARIABLE = YES;
				IPHONEOS_DEPLOYMENT_TARGET = 17.4;
				LOCALIZATION_PREFERS_STRING_CATALOGS = YES;
				MTL_ENABLE_DEBUG_INFO = NO;
				MTL_FAST_MATH = YES;
				SDKROOT = iphoneos;
				SWIFT_COMPILATION_MODE = wholemodule;
				VALIDATE_PRODUCT = YES;
			};
			name = Release;
		};
		AD4B45402BDACBAE003F2076 /* Debug */ = {
			isa = XCBuildConfiguration;
			buildSettings = {
				ASSETCATALOG_COMPILER_APPICON_NAME = AppIcon;
				ASSETCATALOG_COMPILER_GLOBAL_ACCENT_COLOR_NAME = AccentColor;
				CODE_SIGN_ENTITLEMENTS = "llm-therapy-test/llm-therapy-test.entitlements";
				CODE_SIGN_STYLE = Automatic;
				CURRENT_PROJECT_VERSION = 1;
				DEVELOPMENT_ASSET_PATHS = "\"llm-therapy-test/Preview Content\"";
				DEVELOPMENT_TEAM = MU64J9Q3TA;
				ENABLE_PREVIEWS = YES;
				GENERATE_INFOPLIST_FILE = YES;
				INFOPLIST_KEY_UIApplicationSceneManifest_Generation = YES;
				INFOPLIST_KEY_UIApplicationSupportsIndirectInputEvents = YES;
				INFOPLIST_KEY_UILaunchScreen_Generation = YES;
				INFOPLIST_KEY_UISupportedInterfaceOrientations_iPad = "UIInterfaceOrientationPortrait UIInterfaceOrientationPortraitUpsideDown UIInterfaceOrientationLandscapeLeft UIInterfaceOrientationLandscapeRight";
				INFOPLIST_KEY_UISupportedInterfaceOrientations_iPhone = "UIInterfaceOrientationPortrait UIInterfaceOrientationLandscapeLeft UIInterfaceOrientationLandscapeRight";
				IPHONEOS_DEPLOYMENT_TARGET = 17.0;
				LD_RUNPATH_SEARCH_PATHS = (
					"$(inherited)",
					"@executable_path/Frameworks",
				);
				MARKETING_VERSION = 1.0;
				PRODUCT_BUNDLE_IDENTIFIER = "com.tylerkeller.llm-therapy-test";
				PRODUCT_NAME = "$(TARGET_NAME)";
				SWIFT_EMIT_LOC_STRINGS = YES;
				SWIFT_VERSION = 5.0;
				TARGETED_DEVICE_FAMILY = "1,2";
			};
			name = Debug;
		};
		AD4B45412BDACBAE003F2076 /* Release */ = {
			isa = XCBuildConfiguration;
			buildSettings = {
				ASSETCATALOG_COMPILER_APPICON_NAME = AppIcon;
				ASSETCATALOG_COMPILER_GLOBAL_ACCENT_COLOR_NAME = AccentColor;
				CODE_SIGN_ENTITLEMENTS = "llm-therapy-test/llm-therapy-test.entitlements";
				CODE_SIGN_STYLE = Automatic;
				CURRENT_PROJECT_VERSION = 1;
				DEVELOPMENT_ASSET_PATHS = "\"llm-therapy-test/Preview Content\"";
				DEVELOPMENT_TEAM = MU64J9Q3TA;
				ENABLE_PREVIEWS = YES;
				GENERATE_INFOPLIST_FILE = YES;
				INFOPLIST_KEY_UIApplicationSceneManifest_Generation = YES;
				INFOPLIST_KEY_UIApplicationSupportsIndirectInputEvents = YES;
				INFOPLIST_KEY_UILaunchScreen_Generation = YES;
				INFOPLIST_KEY_UISupportedInterfaceOrientations_iPad = "UIInterfaceOrientationPortrait UIInterfaceOrientationPortraitUpsideDown UIInterfaceOrientationLandscapeLeft UIInterfaceOrientationLandscapeRight";
				INFOPLIST_KEY_UISupportedInterfaceOrientations_iPhone = "UIInterfaceOrientationPortrait UIInterfaceOrientationLandscapeLeft UIInterfaceOrientationLandscapeRight";
				IPHONEOS_DEPLOYMENT_TARGET = 17.0;
				LD_RUNPATH_SEARCH_PATHS = (
					"$(inherited)",
					"@executable_path/Frameworks",
				);
				MARKETING_VERSION = 1.0;
				PRODUCT_BUNDLE_IDENTIFIER = "com.tylerkeller.llm-therapy-test";
				PRODUCT_NAME = "$(TARGET_NAME)";
				SWIFT_EMIT_LOC_STRINGS = YES;
				SWIFT_VERSION = 5.0;
				TARGETED_DEVICE_FAMILY = "1,2";
			};
			name = Release;
		};
/* End XCBuildConfiguration section */

/* Begin XCConfigurationList section */
		AD4B452C2BDACBAB003F2076 /* Build configuration list for PBXProject "llm-therapy-test" */ = {
			isa = XCConfigurationList;
			buildConfigurations = (
				AD4B453D2BDACBAE003F2076 /* Debug */,
				AD4B453E2BDACBAE003F2076 /* Release */,
			);
			defaultConfigurationIsVisible = 0;
			defaultConfigurationName = Release;
		};
		AD4B453F2BDACBAE003F2076 /* Build configuration list for PBXNativeTarget "llm-therapy-test" */ = {
			isa = XCConfigurationList;
			buildConfigurations = (
				AD4B45402BDACBAE003F2076 /* Debug */,
				AD4B45412BDACBAE003F2076 /* Release */,
			);
			defaultConfigurationIsVisible = 0;
			defaultConfigurationName = Release;
		};
/* End XCConfigurationList section */

/* Begin XCLocalSwiftPackageReference section */
		ADF355A02BDB338600372851 /* XCLocalSwiftPackageReference "../../swift-ml-packages/swift-transformers" */ = {
			isa = XCLocalSwiftPackageReference;
			relativePath = "../../swift-ml-packages/swift-transformers";
		};
/* End XCLocalSwiftPackageReference section */

/* Begin XCRemoteSwiftPackageReference section */
		AD4B45422BDACFF0003F2076 /* XCRemoteSwiftPackageReference "mlx-swift-examples" */ = {
			isa = XCRemoteSwiftPackageReference;
			repositoryURL = "https://github.com/ml-explore/mlx-swift-examples/";
			requirement = {
				branch = main;
				kind = branch;
			};
		};
/* End XCRemoteSwiftPackageReference section */

/* Begin XCSwiftPackageProductDependency section */
		AD4B45432BDACFF0003F2076 /* LLM */ = {
			isa = XCSwiftPackageProductDependency;
			package = AD4B45422BDACFF0003F2076 /* XCRemoteSwiftPackageReference "mlx-swift-examples" */;
			productName = LLM;
		};
		AD4B45452BDACFF0003F2076 /* MNIST */ = {
			isa = XCSwiftPackageProductDependency;
			package = AD4B45422BDACFF0003F2076 /* XCRemoteSwiftPackageReference "mlx-swift-examples" */;
			productName = MNIST;
		};
		ADF355A12BDB338600372851 /* Transformers */ = {
			isa = XCSwiftPackageProductDependency;
			productName = Transformers;
		};
/* End XCSwiftPackageProductDependency section */
	};
	rootObject = AD4B45292BDACBAB003F2076 /* Project object */;
}
